schema: '2.0'
stages:
  data_ingestion:
    cmd: python src/data_ingestion.py
    deps:
    - path: src/data_ingestion.py
      hash: md5
      md5: 9f1af4d045352e744fb13e7ca5a57570
      size: 3077
    outs:
    - path: data/raw
      hash: md5
      md5: 1a287d34dc172d9f950c03dae35f7e73.dir
      size: 484846
      nfiles: 2
  data_preprocessing:
    cmd: python src/data_preprocessing.py
    deps:
    - path: data/raw
      hash: md5
      md5: 1a287d34dc172d9f950c03dae35f7e73.dir
      size: 484846
      nfiles: 2
    - path: src/data_preprocessing.py
      hash: md5
      md5: ae0059b79590609927f72e3c373f1865
      size: 3973
    outs:
    - path: data/interim
      hash: md5
      md5: 3b92bf0e51d52022da04a63d5bb3dcb4.dir
      size: 260067
      nfiles: 2
  feature_engineering:
    cmd: python src/feature_engineering.py
    deps:
    - path: data/interim
      hash: md5
      md5: 3b92bf0e51d52022da04a63d5bb3dcb4.dir
      size: 260067
      nfiles: 2
    - path: src/feature_engineering.py
      hash: md5
      md5: 533a938a2bee162ef5a02496c3c2ce37
      size: 3944
    outs:
    - path: data/processed
      hash: md5
      md5: bd2f9e4de39033bb892427eebf471516.dir
      size: 1179969
      nfiles: 2
  model_building:
    cmd: python src/model_building.py
    deps:
    - path: data/processed
      hash: md5
      md5: bd2f9e4de39033bb892427eebf471516.dir
      size: 1179969
      nfiles: 2
    - path: src/model_building.py
      hash: md5
      md5: 908b978a83880e66f5c0172c42ebd462
      size: 4515
    outs:
    - path: models/model.pkl
      hash: md5
      md5: 69adc52062c93218de302c99d1acc928
      size: 896734
  model_evaluation:
    cmd: python src/model_evaluation.py
    deps:
    - path: models/model.pkl
      hash: md5
      md5: 69adc52062c93218de302c99d1acc928
      size: 896734
    - path: src/model_evaluation.py
      hash: md5
      md5: 5e2d86c9831be2e783f53c908bc31ff7
      size: 4687
    outs:
    - path: reports/metrics.json
      hash: md5
      md5: 7d9d5cef524eda6116c97eda0d93eb0b
      size: 135
